
Microsoft Visual Studio Solution File, Format Version 12.00
# Visual Studio Version 16
VisualStudioVersion = 16.0.29728.190
MinimumVisualStudioVersion = 10.0.40219.1
Project("{2150E333-8FDC-42A3-9474-1A3956D46DE8}") = "Solutions Items", "Solutions Items", "{52F4E1F6-D36A-4BAE-98C0-855267FBE6CF}"
	ProjectSection(SolutionItems) = preProject
		.gitignore = .gitignore
		README.md = README.md
	EndProjectSection
EndProject
Project("{FAE04EC0-301F-11D3-BF4B-00C04F79EFBC}") = "Wangkanai.Universal", "src\Wangkanai.Universal.csproj", "{A5378070-E2E0-486D-9264-8B8DE8B99DDE}"
EndProject
Project("{FAE04EC0-301F-11D3-BF4B-00C04F79EFBC}") = "Wangkanai.Universal.Tests", "test\Wangkanai.Universal.Tests.csproj", "{2340A951-1744-4AE8-B552-3764803AB825}"
EndProject
Project("{2150E333-8FDC-42A3-9474-1A3956D46DE8}") = "asset", "asset", "{68C5F5A5-E682-4C85-9FF9-164AA4A5A58E}"
	ProjectSection(SolutionItems) = preProject
		asset\vs-intellisense.png = asset\vs-intellisense.png
		asset\web-sample.png = asset\web-sample.png
	EndProjectSection
EndProject
Project("{2150E333-8FDC-42A3-9474-1A3956D46DE8}") = "sample", "sample", "{6E2E0037-157D-4FFE-8B8E-F3A41BA2C4D5}"
EndProject
Project("{FAE04EC0-301F-11D3-BF4B-00C04F79EFBC}") = "WebAppFramework", "sample\WebAppFramework\WebAppFramework.csproj", "{92FC9D44-4477-4A29-8FF5-8CEA2EFAE6DF}"
EndProject
Global
	GlobalSection(SolutionConfigurationPlatforms) = preSolution
		Debug|Any CPU = Debug|Any CPU
		Release|Any CPU = Release|Any CPU
	EndGlobalSection
	GlobalSection(ProjectConfigurationPlatforms) = postSolution
		{A5378070-E2E0-486D-9264-8B8DE8B99DDE}.Debug|Any CPU.ActiveCfg = Debug|Any CPU
		{A5378070-E2E0-486D-9264-8B8DE8B99DDE}.Debug|Any CPU.Build.0 = Debug|Any CPU
		{A5378070-E2E0-486D-9264-8B8DE8B99DDE}.Release|Any CPU.ActiveCfg = Release|Any CPU
		{A5378070-E2E0-486D-9264-8B8DE8B99DDE}.Release|Any CPU.Build.0 = Release|Any CPU
		{2340A951-1744-4AE8-B552-3764803AB825}.Debug|Any CPU.ActiveCfg = Debug|Any CPU
		{2340A951-1744-4AE8-B552-3764803AB825}.Debug|Any CPU.Build.0 = Debug|Any CPU
		{2340A951-1744-4AE8-B552-3764803AB825}.Release|Any CPU.ActiveCfg = Release|Any CPU
		{2340A951-1744-4AE8-B552-3764803AB825}.Release|Any CPU.Build.0 = Release|Any CPU
		{92FC9D44-4477-4A29-8FF5-8CEA2EFAE6DF}.Debug|Any CPU.ActiveCfg = Debug|Any CPU
		{92FC9D44-4477-4A29-8FF5-8CEA2EFAE6DF}.Debug|Any CPU.Build.0 = Debug|Any CPU
		{92FC9D44-4477-4A29-8FF5-8CEA2EFAE6DF}.Release|Any CPU.ActiveCfg = Release|Any CPU
		{92FC9D44-4477-4A29-8FF5-8CEA2EFAE6DF}.Release|Any CPU.Build.0 = Release|Any CPU
	EndGlobalSection
	GlobalSection(SolutionProperties) = preSolution
		HideSolutionNode = FALSE
	EndGlobalSection
	GlobalSection(NestedProjects) = preSolution
		{92FC9D44-4477-4A29-8FF5-8CEA2EFAE6DF} = {6E2E0037-157D-4FFE-8B8E-F3A41BA2C4D5}
	EndGlobalSection
	GlobalSection(ExtensibilityGlobals) = postSolution
		SolutionGuid = {1FDFCC3E-4C24-4CC5-AE18-3641AB142F07}
	EndGlobalSection
EndGlobal
