
Microsoft Visual Studio Solution File, Format Version 12.00
# Visual Studio Version 16
VisualStudioVersion = 16.0.29728.190
MinimumVisualStudioVersion = 15.0.26124.0
Project("{9A19103F-16F7-4668-BE54-9A1E7A4F7556}") = "Wangkanai.Universal", "src\Wangkanai.Universal.csproj", "{C3FDFB5F-B5CB-4BBF-A683-CA98E219755A}"
EndProject
Project("{9A19103F-16F7-4668-BE54-9A1E7A4F7556}") = "Wangkanai.Universal.Tests", "test\Wangkanai.Universal.Tests.csproj", "{6C2636DE-CF83-40FB-A032-7EFE406A0B39}"
EndProject
Project("{2150E333-8FDC-42A3-9474-1A3956D46DE8}") = "Solution Items", "Solution Items", "{9D1A4B86-FA6E-4F49-A6A3-AC7D63F0219D}"
	ProjectSection(SolutionItems) = preProject
		.editorconfig = .editorconfig
		.gitignore = .gitignore
		README.md = README.md
		run.ps1 = run.ps1
	EndProjectSection
EndProject
Project("{2150E333-8FDC-42A3-9474-1A3956D46DE8}") = "sample", "sample", "{618DE25A-7FF3-4ED3-9565-469E34AEF0FF}"
EndProject
Project("{FAE04EC0-301F-11D3-BF4B-00C04F79EFBC}") = "Universal", "sample\Universal\Universal.csproj", "{99B26A78-1FB3-4D46-B8AA-258D49FBF4E4}"
EndProject
Project("{2150E333-8FDC-42A3-9474-1A3956D46DE8}") = "old", "old", "{B31F8BA3-D84C-4616-A9A5-B64A022D7075}"
EndProject
Project("{FAE04EC0-301F-11D3-BF4B-00C04F79EFBC}") = "GoogleAnalytics", "old\GoogleAnalytics\GoogleAnalytics.csproj", "{D2C55E94-6915-4BE6-8F6C-7AB1DB0DC9BC}"
EndProject
Project("{FAE04EC0-301F-11D3-BF4B-00C04F79EFBC}") = "GoogleAnalytics.Tests", "old\GoogleAnalytics.Tests\GoogleAnalytics.Tests.csproj", "{84AC0A95-5BC8-4D8D-9BBA-6EAA185B178B}"
EndProject
Project("{FAE04EC0-301F-11D3-BF4B-00C04F79EFBC}") = "UniversalAnalytics", "old\UniversalAnalytics\UniversalAnalytics.csproj", "{580A8022-272B-45E2-B5A8-51913B8C424D}"
EndProject
Project("{FAE04EC0-301F-11D3-BF4B-00C04F79EFBC}") = "UniversalAnalytics.Tests", "old\UniversalAnalytics.Tests\UniversalAnalytics.Tests.csproj", "{74D8FCD0-8DBD-40C2-BAC5-CBFB760F2ACC}"
EndProject
Global
	GlobalSection(SolutionConfigurationPlatforms) = preSolution
		Debug|Any CPU = Debug|Any CPU
		Debug|x64 = Debug|x64
		Debug|x86 = Debug|x86
		Release|Any CPU = Release|Any CPU
		Release|x64 = Release|x64
		Release|x86 = Release|x86
	EndGlobalSection
	GlobalSection(ProjectConfigurationPlatforms) = postSolution
		{C3FDFB5F-B5CB-4BBF-A683-CA98E219755A}.Debug|Any CPU.ActiveCfg = Debug|Any CPU
		{C3FDFB5F-B5CB-4BBF-A683-CA98E219755A}.Debug|Any CPU.Build.0 = Debug|Any CPU
		{C3FDFB5F-B5CB-4BBF-A683-CA98E219755A}.Debug|x64.ActiveCfg = Debug|Any CPU
		{C3FDFB5F-B5CB-4BBF-A683-CA98E219755A}.Debug|x64.Build.0 = Debug|Any CPU
		{C3FDFB5F-B5CB-4BBF-A683-CA98E219755A}.Debug|x86.ActiveCfg = Debug|Any CPU
		{C3FDFB5F-B5CB-4BBF-A683-CA98E219755A}.Debug|x86.Build.0 = Debug|Any CPU
		{C3FDFB5F-B5CB-4BBF-A683-CA98E219755A}.Release|Any CPU.ActiveCfg = Release|Any CPU
		{C3FDFB5F-B5CB-4BBF-A683-CA98E219755A}.Release|Any CPU.Build.0 = Release|Any CPU
		{C3FDFB5F-B5CB-4BBF-A683-CA98E219755A}.Release|x64.ActiveCfg = Release|Any CPU
		{C3FDFB5F-B5CB-4BBF-A683-CA98E219755A}.Release|x64.Build.0 = Release|Any CPU
		{C3FDFB5F-B5CB-4BBF-A683-CA98E219755A}.Release|x86.ActiveCfg = Release|Any CPU
		{C3FDFB5F-B5CB-4BBF-A683-CA98E219755A}.Release|x86.Build.0 = Release|Any CPU
		{6C2636DE-CF83-40FB-A032-7EFE406A0B39}.Debug|Any CPU.ActiveCfg = Debug|Any CPU
		{6C2636DE-CF83-40FB-A032-7EFE406A0B39}.Debug|Any CPU.Build.0 = Debug|Any CPU
		{6C2636DE-CF83-40FB-A032-7EFE406A0B39}.Debug|x64.ActiveCfg = Debug|Any CPU
		{6C2636DE-CF83-40FB-A032-7EFE406A0B39}.Debug|x64.Build.0 = Debug|Any CPU
		{6C2636DE-CF83-40FB-A032-7EFE406A0B39}.Debug|x86.ActiveCfg = Debug|Any CPU
		{6C2636DE-CF83-40FB-A032-7EFE406A0B39}.Debug|x86.Build.0 = Debug|Any CPU
		{6C2636DE-CF83-40FB-A032-7EFE406A0B39}.Release|Any CPU.ActiveCfg = Release|Any CPU
		{6C2636DE-CF83-40FB-A032-7EFE406A0B39}.Release|Any CPU.Build.0 = Release|Any CPU
		{6C2636DE-CF83-40FB-A032-7EFE406A0B39}.Release|x64.ActiveCfg = Release|Any CPU
		{6C2636DE-CF83-40FB-A032-7EFE406A0B39}.Release|x64.Build.0 = Release|Any CPU
		{6C2636DE-CF83-40FB-A032-7EFE406A0B39}.Release|x86.ActiveCfg = Release|Any CPU
		{6C2636DE-CF83-40FB-A032-7EFE406A0B39}.Release|x86.Build.0 = Release|Any CPU
		{99B26A78-1FB3-4D46-B8AA-258D49FBF4E4}.Debug|Any CPU.ActiveCfg = Debug|Any CPU
		{99B26A78-1FB3-4D46-B8AA-258D49FBF4E4}.Debug|Any CPU.Build.0 = Debug|Any CPU
		{99B26A78-1FB3-4D46-B8AA-258D49FBF4E4}.Debug|x64.ActiveCfg = Debug|Any CPU
		{99B26A78-1FB3-4D46-B8AA-258D49FBF4E4}.Debug|x64.Build.0 = Debug|Any CPU
		{99B26A78-1FB3-4D46-B8AA-258D49FBF4E4}.Debug|x86.ActiveCfg = Debug|Any CPU
		{99B26A78-1FB3-4D46-B8AA-258D49FBF4E4}.Debug|x86.Build.0 = Debug|Any CPU
		{99B26A78-1FB3-4D46-B8AA-258D49FBF4E4}.Release|Any CPU.ActiveCfg = Release|Any CPU
		{99B26A78-1FB3-4D46-B8AA-258D49FBF4E4}.Release|Any CPU.Build.0 = Release|Any CPU
		{99B26A78-1FB3-4D46-B8AA-258D49FBF4E4}.Release|x64.ActiveCfg = Release|Any CPU
		{99B26A78-1FB3-4D46-B8AA-258D49FBF4E4}.Release|x64.Build.0 = Release|Any CPU
		{99B26A78-1FB3-4D46-B8AA-258D49FBF4E4}.Release|x86.ActiveCfg = Release|Any CPU
		{99B26A78-1FB3-4D46-B8AA-258D49FBF4E4}.Release|x86.Build.0 = Release|Any CPU
		{D2C55E94-6915-4BE6-8F6C-7AB1DB0DC9BC}.Debug|Any CPU.ActiveCfg = Debug|Any CPU
		{D2C55E94-6915-4BE6-8F6C-7AB1DB0DC9BC}.Debug|Any CPU.Build.0 = Debug|Any CPU
		{D2C55E94-6915-4BE6-8F6C-7AB1DB0DC9BC}.Debug|x64.ActiveCfg = Debug|Any CPU
		{D2C55E94-6915-4BE6-8F6C-7AB1DB0DC9BC}.Debug|x64.Build.0 = Debug|Any CPU
		{D2C55E94-6915-4BE6-8F6C-7AB1DB0DC9BC}.Debug|x86.ActiveCfg = Debug|Any CPU
		{D2C55E94-6915-4BE6-8F6C-7AB1DB0DC9BC}.Debug|x86.Build.0 = Debug|Any CPU
		{D2C55E94-6915-4BE6-8F6C-7AB1DB0DC9BC}.Release|Any CPU.ActiveCfg = Release|Any CPU
		{D2C55E94-6915-4BE6-8F6C-7AB1DB0DC9BC}.Release|Any CPU.Build.0 = Release|Any CPU
		{D2C55E94-6915-4BE6-8F6C-7AB1DB0DC9BC}.Release|x64.ActiveCfg = Release|Any CPU
		{D2C55E94-6915-4BE6-8F6C-7AB1DB0DC9BC}.Release|x64.Build.0 = Release|Any CPU
		{D2C55E94-6915-4BE6-8F6C-7AB1DB0DC9BC}.Release|x86.ActiveCfg = Release|Any CPU
		{D2C55E94-6915-4BE6-8F6C-7AB1DB0DC9BC}.Release|x86.Build.0 = Release|Any CPU
		{84AC0A95-5BC8-4D8D-9BBA-6EAA185B178B}.Debug|Any CPU.ActiveCfg = Debug|Any CPU
		{84AC0A95-5BC8-4D8D-9BBA-6EAA185B178B}.Debug|Any CPU.Build.0 = Debug|Any CPU
		{84AC0A95-5BC8-4D8D-9BBA-6EAA185B178B}.Debug|x64.ActiveCfg = Debug|Any CPU
		{84AC0A95-5BC8-4D8D-9BBA-6EAA185B178B}.Debug|x64.Build.0 = Debug|Any CPU
		{84AC0A95-5BC8-4D8D-9BBA-6EAA185B178B}.Debug|x86.ActiveCfg = Debug|Any CPU
		{84AC0A95-5BC8-4D8D-9BBA-6EAA185B178B}.Debug|x86.Build.0 = Debug|Any CPU
		{84AC0A95-5BC8-4D8D-9BBA-6EAA185B178B}.Release|Any CPU.ActiveCfg = Release|Any CPU
		{84AC0A95-5BC8-4D8D-9BBA-6EAA185B178B}.Release|Any CPU.Build.0 = Release|Any CPU
		{84AC0A95-5BC8-4D8D-9BBA-6EAA185B178B}.Release|x64.ActiveCfg = Release|Any CPU
		{84AC0A95-5BC8-4D8D-9BBA-6EAA185B178B}.Release|x64.Build.0 = Release|Any CPU
		{84AC0A95-5BC8-4D8D-9BBA-6EAA185B178B}.Release|x86.ActiveCfg = Release|Any CPU
		{84AC0A95-5BC8-4D8D-9BBA-6EAA185B178B}.Release|x86.Build.0 = Release|Any CPU
		{580A8022-272B-45E2-B5A8-51913B8C424D}.Debug|Any CPU.ActiveCfg = Debug|Any CPU
		{580A8022-272B-45E2-B5A8-51913B8C424D}.Debug|Any CPU.Build.0 = Debug|Any CPU
		{580A8022-272B-45E2-B5A8-51913B8C424D}.Debug|x64.ActiveCfg = Debug|Any CPU
		{580A8022-272B-45E2-B5A8-51913B8C424D}.Debug|x64.Build.0 = Debug|Any CPU
		{580A8022-272B-45E2-B5A8-51913B8C424D}.Debug|x86.ActiveCfg = Debug|Any CPU
		{580A8022-272B-45E2-B5A8-51913B8C424D}.Debug|x86.Build.0 = Debug|Any CPU
		{580A8022-272B-45E2-B5A8-51913B8C424D}.Release|Any CPU.ActiveCfg = Release|Any CPU
		{580A8022-272B-45E2-B5A8-51913B8C424D}.Release|Any CPU.Build.0 = Release|Any CPU
		{580A8022-272B-45E2-B5A8-51913B8C424D}.Release|x64.ActiveCfg = Release|Any CPU
		{580A8022-272B-45E2-B5A8-51913B8C424D}.Release|x64.Build.0 = Release|Any CPU
		{580A8022-272B-45E2-B5A8-51913B8C424D}.Release|x86.ActiveCfg = Release|Any CPU
		{580A8022-272B-45E2-B5A8-51913B8C424D}.Release|x86.Build.0 = Release|Any CPU
		{74D8FCD0-8DBD-40C2-BAC5-CBFB760F2ACC}.Debug|Any CPU.ActiveCfg = Debug|Any CPU
		{74D8FCD0-8DBD-40C2-BAC5-CBFB760F2ACC}.Debug|Any CPU.Build.0 = Debug|Any CPU
		{74D8FCD0-8DBD-40C2-BAC5-CBFB760F2ACC}.Debug|x64.ActiveCfg = Debug|Any CPU
		{74D8FCD0-8DBD-40C2-BAC5-CBFB760F2ACC}.Debug|x64.Build.0 = Debug|Any CPU
		{74D8FCD0-8DBD-40C2-BAC5-CBFB760F2ACC}.Debug|x86.ActiveCfg = Debug|Any CPU
		{74D8FCD0-8DBD-40C2-BAC5-CBFB760F2ACC}.Debug|x86.Build.0 = Debug|Any CPU
		{74D8FCD0-8DBD-40C2-BAC5-CBFB760F2ACC}.Release|Any CPU.ActiveCfg = Release|Any CPU
		{74D8FCD0-8DBD-40C2-BAC5-CBFB760F2ACC}.Release|Any CPU.Build.0 = Release|Any CPU
		{74D8FCD0-8DBD-40C2-BAC5-CBFB760F2ACC}.Release|x64.ActiveCfg = Release|Any CPU
		{74D8FCD0-8DBD-40C2-BAC5-CBFB760F2ACC}.Release|x64.Build.0 = Release|Any CPU
		{74D8FCD0-8DBD-40C2-BAC5-CBFB760F2ACC}.Release|x86.ActiveCfg = Release|Any CPU
		{74D8FCD0-8DBD-40C2-BAC5-CBFB760F2ACC}.Release|x86.Build.0 = Release|Any CPU
	EndGlobalSection
	GlobalSection(SolutionProperties) = preSolution
		HideSolutionNode = FALSE
	EndGlobalSection
	GlobalSection(ExtensibilityGlobals) = postSolution
		SolutionGuid = {1C929748-442E-41EA-BDE9-78F2425319AB}
	EndGlobalSection
	GlobalSection(NestedProjects) = preSolution
		{99B26A78-1FB3-4D46-B8AA-258D49FBF4E4} = {618DE25A-7FF3-4ED3-9565-469E34AEF0FF}
		{D2C55E94-6915-4BE6-8F6C-7AB1DB0DC9BC} = {B31F8BA3-D84C-4616-A9A5-B64A022D7075}
		{84AC0A95-5BC8-4D8D-9BBA-6EAA185B178B} = {B31F8BA3-D84C-4616-A9A5-B64A022D7075}
		{580A8022-272B-45E2-B5A8-51913B8C424D} = {B31F8BA3-D84C-4616-A9A5-B64A022D7075}
		{74D8FCD0-8DBD-40C2-BAC5-CBFB760F2ACC} = {B31F8BA3-D84C-4616-A9A5-B64A022D7075}
	EndGlobalSection
EndGlobal
